
Microsoft Visual Studio Solution File, Format Version 12.00
# Visual Studio Version 16
VisualStudioVersion = 16.0.31105.61
MinimumVisualStudioVersion = 10.0.40219.1
Project("{FAE04EC0-301F-11D3-BF4B-00C04F79EFBC}") = "SureServeTask", "SureServeTask\SureServeTask.csproj", "{4B2B1E69-27C9-4D74-804C-7D5315506FEB}"
EndProject
Global
	GlobalSection(SolutionConfigurationPlatforms) = preSolution
		Debug|Any CPU = Debug|Any CPU
		Release|Any CPU = Release|Any CPU
	EndGlobalSection
	GlobalSection(ProjectConfigurationPlatforms) = postSolution
		{4B2B1E69-27C9-4D74-804C-7D5315506FEB}.Debug|Any CPU.ActiveCfg = Debug|Any CPU
		{4B2B1E69-27C9-4D74-804C-7D5315506FEB}.Debug|Any CPU.Build.0 = Debug|Any CPU
		{4B2B1E69-27C9-4D74-804C-7D5315506FEB}.Release|Any CPU.ActiveCfg = Release|Any CPU
		{4B2B1E69-27C9-4D74-804C-7D5315506FEB}.Release|Any CPU.Build.0 = Release|Any CPU
	EndGlobalSection
	GlobalSection(SolutionProperties) = preSolution
		HideSolutionNode = FALSE
	EndGlobalSection
	GlobalSection(ExtensibilityGlobals) = postSolution
		SolutionGuid = {CE28E16D-54ED-4542-B319-3696C2885EC8}
	EndGlobalSection
EndGlobal
